// !$*UTF8*$!
{
	archiveVersion = 1;
	classes = {
	};
	objectVersion = 55;
	objects = {

/* Begin PBXBuildFile section */
		47216F3227C129AB00844FF7 /* UI_471App.swift in Sources */ = {isa = PBXBuildFile; fileRef = 47216F3127C129AB00844FF7 /* UI_471App.swift */; };
		47216F3427C129AB00844FF7 /* ContentView.swift in Sources */ = {isa = PBXBuildFile; fileRef = 47216F3327C129AB00844FF7 /* ContentView.swift */; };
		47216F3627C129AC00844FF7 /* Assets.xcassets in Resources */ = {isa = PBXBuildFile; fileRef = 47216F3527C129AC00844FF7 /* Assets.xcassets */; };
		47216F3927C129AC00844FF7 /* Preview Assets.xcassets in Resources */ = {isa = PBXBuildFile; fileRef = 47216F3827C129AC00844FF7 /* Preview Assets.xcassets */; };
		47216F4327C129AC00844FF7 /* UI_471Tests.swift in Sources */ = {isa = PBXBuildFile; fileRef = 47216F4227C129AC00844FF7 /* UI_471Tests.swift */; };
		47216F4D27C129AC00844FF7 /* UI_471UITests.swift in Sources */ = {isa = PBXBuildFile; fileRef = 47216F4C27C129AC00844FF7 /* UI_471UITests.swift */; };
		47216F4F27C129AC00844FF7 /* UI_471UITestsLaunchTests.swift in Sources */ = {isa = PBXBuildFile; fileRef = 47216F4E27C129AC00844FF7 /* UI_471UITestsLaunchTests.swift */; };
		47216F5D27C129BE00844FF7 /* Home.swift in Sources */ = {isa = PBXBuildFile; fileRef = 47216F5C27C129BE00844FF7 /* Home.swift */; };
		47216F5F27C12E9500844FF7 /* OffsetModifier.swift in Sources */ = {isa = PBXBuildFile; fileRef = 47216F5E27C12E9500844FF7 /* OffsetModifier.swift */; };
/* End PBXBuildFile section */

/* Begin PBXContainerItemProxy section */
		47216F3F27C129AC00844FF7 /* PBXContainerItemProxy */ = {
			isa = PBXContainerItemProxy;
			containerPortal = 47216F2627C129AB00844FF7 /* Project object */;
			proxyType = 1;
			remoteGlobalIDString = 47216F2D27C129AB00844FF7;
			remoteInfo = "UI-471";
		};
		47216F4927C129AC00844FF7 /* PBXContainerItemProxy */ = {
			isa = PBXContainerItemProxy;
			containerPortal = 47216F2627C129AB00844FF7 /* Project object */;
			proxyType = 1;
			remoteGlobalIDString = 47216F2D27C129AB00844FF7;
			remoteInfo = "UI-471";
		};
/* End PBXContainerItemProxy section */

/* Begin PBXFileReference section */
		47216F2E27C129AB00844FF7 /* UI-471.app */ = {isa = PBXFileReference; explicitFileType = wrapper.application; includeInIndex = 0; path = "UI-471.app"; sourceTree = BUILT_PRODUCTS_DIR; };
		47216F3127C129AB00844FF7 /* UI_471App.swift */ = {isa = PBXFileReference; lastKnownFileType = sourcecode.swift; path = UI_471App.swift; sourceTree = "<group>"; };
		47216F3327C129AB00844FF7 /* ContentView.swift */ = {isa = PBXFileReference; lastKnownFileType = sourcecode.swift; path = ContentView.swift; sourceTree = "<group>"; };
		47216F3527C129AC00844FF7 /* Assets.xcassets */ = {isa = PBXFileReference; lastKnownFileType = folder.assetcatalog; path = Assets.xcassets; sourceTree = "<group>"; };
		47216F3827C129AC00844FF7 /* Preview Assets.xcassets */ = {isa = PBXFileReference; lastKnownFileType = folder.assetcatalog; path = "Preview Assets.xcassets"; sourceTree = "<group>"; };
		47216F3E27C129AC00844FF7 /* UI-471Tests.xctest */ = {isa = PBXFileReference; explicitFileType = wrapper.cfbundle; includeInIndex = 0; path = "UI-471Tests.xctest"; sourceTree = BUILT_PRODUCTS_DIR; };
		47216F4227C129AC00844FF7 /* UI_471Tests.swift */ = {isa = PBXFileReference; lastKnownFileType = sourcecode.swift; path = UI_471Tests.swift; sourceTree = "<group>"; };
		47216F4827C129AC00844FF7 /* UI-471UITests.xctest */ = {isa = PBXFileReference; explicitFileType = wrapper.cfbundle; includeInIndex = 0; path = "UI-471UITests.xctest"; sourceTree = BUILT_PRODUCTS_DIR; };
		47216F4C27C129AC00844FF7 /* UI_471UITests.swift */ = {isa = PBXFileReference; lastKnownFileType = sourcecode.swift; path = UI_471UITests.swift; sourceTree = "<group>"; };
		47216F4E27C129AC00844FF7 /* UI_471UITestsLaunchTests.swift */ = {isa = PBXFileReference; lastKnownFileType = sourcecode.swift; path = UI_471UITestsLaunchTests.swift; sourceTree = "<group>"; };
		47216F5C27C129BE00844FF7 /* Home.swift */ = {isa = PBXFileReference; lastKnownFileType = sourcecode.swift; path = Home.swift; sourceTree = "<group>"; };
		47216F5E27C12E9500844FF7 /* OffsetModifier.swift */ = {isa = PBXFileReference; lastKnownFileType = sourcecode.swift; path = OffsetModifier.swift; sourceTree = "<group>"; };
/* End PBXFileReference section */

/* Begin PBXFrameworksBuildPhase section */
		47216F2B27C129AB00844FF7 /* Frameworks */ = {
			isa = PBXFrameworksBuildPhase;
			buildActionMask = 2147483647;
			files = (
			);
			runOnlyForDeploymentPostprocessing = 0;
		};
		47216F3B27C129AC00844FF7 /* Frameworks */ = {
			isa = PBXFrameworksBuildPhase;
			buildActionMask = 2147483647;
			files = (
			);
			runOnlyForDeploymentPostprocessing = 0;
		};
		47216F4527C129AC00844FF7 /* Frameworks */ = {
			isa = PBXFrameworksBuildPhase;
			buildActionMask = 2147483647;
			files = (
			);
			runOnlyForDeploymentPostprocessing = 0;
		};
/* End PBXFrameworksBuildPhase section */

/* Begin PBXGroup section */
		47216F2527C129AB00844FF7 = {
			isa = PBXGroup;
			children = (
				47216F3027C129AB00844FF7 /* UI-471 */,
				47216F4127C129AC00844FF7 /* UI-471Tests */,
				47216F4B27C129AC00844FF7 /* UI-471UITests */,
				47216F2F27C129AB00844FF7 /* Products */,
			);
			sourceTree = "<group>";
		};
		47216F2F27C129AB00844FF7 /* Products */ = {
			isa = PBXGroup;
			children = (
				47216F2E27C129AB00844FF7 /* UI-471.app */,
				47216F3E27C129AC00844FF7 /* UI-471Tests.xctest */,
				47216F4827C129AC00844FF7 /* UI-471UITests.xctest */,
			);
			name = Products;
			sourceTree = "<group>";
		};
		47216F3027C129AB00844FF7 /* UI-471 */ = {
			isa = PBXGroup;
			children = (
				47216F5B27C129B900844FF7 /* View */,
				47216F3127C129AB00844FF7 /* UI_471App.swift */,
				47216F3327C129AB00844FF7 /* ContentView.swift */,
				47216F3527C129AC00844FF7 /* Assets.xcassets */,
				47216F3727C129AC00844FF7 /* Preview Content */,
			);
			path = "UI-471";
			sourceTree = "<group>";
		};
		47216F3727C129AC00844FF7 /* Preview Content */ = {
			isa = PBXGroup;
			children = (
				47216F3827C129AC00844FF7 /* Preview Assets.xcassets */,
			);
			path = "Preview Content";
			sourceTree = "<group>";
		};
		47216F4127C129AC00844FF7 /* UI-471Tests */ = {
			isa = PBXGroup;
			children = (
				47216F4227C129AC00844FF7 /* UI_471Tests.swift */,
			);
			path = "UI-471Tests";
			sourceTree = "<group>";
		};
		47216F4B27C129AC00844FF7 /* UI-471UITests */ = {
			isa = PBXGroup;
			children = (
				47216F4C27C129AC00844FF7 /* UI_471UITests.swift */,
				47216F4E27C129AC00844FF7 /* UI_471UITestsLaunchTests.swift */,
			);
			path = "UI-471UITests";
			sourceTree = "<group>";
		};
		47216F5B27C129B900844FF7 /* View */ = {
			isa = PBXGroup;
			children = (
				47216F5C27C129BE00844FF7 /* Home.swift */,
				47216F5E27C12E9500844FF7 /* OffsetModifier.swift */,
			);
			path = View;
			sourceTree = "<group>";
		};
/* End PBXGroup section */

/* Begin PBXNativeTarget section */
		47216F2D27C129AB00844FF7 /* UI-471 */ = {
			isa = PBXNativeTarget;
			buildConfigurationList = 47216F5227C129AC00844FF7 /* Build configuration list for PBXNativeTarget "UI-471" */;
			buildPhases = (
				47216F2A27C129AB00844FF7 /* Sources */,
				47216F2B27C129AB00844FF7 /* Frameworks */,
				47216F2C27C129AB00844FF7 /* Resources */,
			);
			buildRules = (
			);
			dependencies = (
			);
			name = "UI-471";
			productName = "UI-471";
			productReference = 47216F2E27C129AB00844FF7 /* UI-471.app */;
			productType = "com.apple.product-type.application";
		};
		47216F3D27C129AC00844FF7 /* UI-471Tests */ = {
			isa = PBXNativeTarget;
			buildConfigurationList = 47216F5527C129AC00844FF7 /* Build configuration list for PBXNativeTarget "UI-471Tests" */;
			buildPhases = (
				47216F3A27C129AC00844FF7 /* Sources */,
				47216F3B27C129AC00844FF7 /* Frameworks */,
				47216F3C27C129AC00844FF7 /* Resources */,
			);
			buildRules = (
			);
			dependencies = (
				47216F4027C129AC00844FF7 /* PBXTargetDependency */,
			);
			name = "UI-471Tests";
			productName = "UI-471Tests";
			productReference = 47216F3E27C129AC00844FF7 /* UI-471Tests.xctest */;
			productType = "com.apple.product-type.bundle.unit-test";
		};
		47216F4727C129AC00844FF7 /* UI-471UITests */ = {
			isa = PBXNativeTarget;
			buildConfigurationList = 47216F5827C129AC00844FF7 /* Build configuration list for PBXNativeTarget "UI-471UITests" */;
			buildPhases = (
				47216F4427C129AC00844FF7 /* Sources */,
				47216F4527C129AC00844FF7 /* Frameworks */,
				47216F4627C129AC00844FF7 /* Resources */,
			);
			buildRules = (
			);
			dependencies = (
				47216F4A27C129AC00844FF7 /* PBXTargetDependency */,
			);
			name = "UI-471UITests";
			productName = "UI-471UITests";
			productReference = 47216F4827C129AC00844FF7 /* UI-471UITests.xctest */;
			productType = "com.apple.product-type.bundle.ui-testing";
		};
/* End PBXNativeTarget section */

/* Begin PBXProject section */
		47216F2627C129AB00844FF7 /* Project object */ = {
			isa = PBXProject;
			attributes = {
				BuildIndependentTargetsInParallel = 1;
				LastSwiftUpdateCheck = 1330;
				LastUpgradeCheck = 1330;
				TargetAttributes = {
					47216F2D27C129AB00844FF7 = {
						CreatedOnToolsVersion = 13.3;
					};
					47216F3D27C129AC00844FF7 = {
						CreatedOnToolsVersion = 13.3;
						TestTargetID = 47216F2D27C129AB00844FF7;
					};
					47216F4727C129AC00844FF7 = {
						CreatedOnToolsVersion = 13.3;
						TestTargetID = 47216F2D27C129AB00844FF7;
					};
				};
			};
			buildConfigurationList = 47216F2927C129AB00844FF7 /* Build configuration list for PBXProject "UI-471" */;
			compatibilityVersion = "Xcode 13.0";
			developmentRegion = en;
			hasScannedForEncodings = 0;
			knownRegions = (
				en,
				Base,
			);
			mainGroup = 47216F2527C129AB00844FF7;
			productRefGroup = 47216F2F27C129AB00844FF7 /* Products */;
			projectDirPath = "";
			projectRoot = "";
			targets = (
				47216F2D27C129AB00844FF7 /* UI-471 */,
				47216F3D27C129AC00844FF7 /* UI-471Tests */,
				47216F4727C129AC00844FF7 /* UI-471UITests */,
			);
		};
/* End PBXProject section */

/* Begin PBXResourcesBuildPhase section */
		47216F2C27C129AB00844FF7 /* Resources */ = {
			isa = PBXResourcesBuildPhase;
			buildActionMask = 2147483647;
			files = (
				47216F3927C129AC00844FF7 /* Preview Assets.xcassets in Resources */,
				47216F3627C129AC00844FF7 /* Assets.xcassets in Resources */,
			);
			runOnlyForDeploymentPostprocessing = 0;
		};
		47216F3C27C129AC00844FF7 /* Resources */ = {
			isa = PBXResourcesBuildPhase;
			buildActionMask = 2147483647;
			files = (
			);
			runOnlyForDeploymentPostprocessing = 0;
		};
		47216F4627C129AC00844FF7 /* Resources */ = {
			isa = PBXResourcesBuildPhase;
			buildActionMask = 2147483647;
			files = (
			);
			runOnlyForDeploymentPostprocessing = 0;
		};
/* End PBXResourcesBuildPhase section */

/* Begin PBXSourcesBuildPhase section */
		47216F2A27C129AB00844FF7 /* Sources */ = {
			isa = PBXSourcesBuildPhase;
			buildActionMask = 2147483647;
			files = (
				47216F3427C129AB00844FF7 /* ContentView.swift in Sources */,
				47216F5F27C12E9500844FF7 /* OffsetModifier.swift in Sources */,
				47216F5D27C129BE00844FF7 /* Home.swift in Sources */,
				47216F3227C129AB00844FF7 /* UI_471App.swift in Sources */,
			);
			runOnlyForDeploymentPostprocessing = 0;
		};
		47216F3A27C129AC00844FF7 /* Sources */ = {
			isa = PBXSourcesBuildPhase;
			buildActionMask = 2147483647;
			files = (
				47216F4327C129AC00844FF7 /* UI_471Tests.swift in Sources */,
			);
			runOnlyForDeploymentPostprocessing = 0;
		};
		47216F4427C129AC00844FF7 /* Sources */ = {
			isa = PBXSourcesBuildPhase;
			buildActionMask = 2147483647;
			files = (
				47216F4D27C129AC00844FF7 /* UI_471UITests.swift in Sources */,
				47216F4F27C129AC00844FF7 /* UI_471UITestsLaunchTests.swift in Sources */,
			);
			runOnlyForDeploymentPostprocessing = 0;
		};
/* End PBXSourcesBuildPhase section */

/* Begin PBXTargetDependency section */
		47216F4027C129AC00844FF7 /* PBXTargetDependency */ = {
			isa = PBXTargetDependency;
			target = 47216F2D27C129AB00844FF7 /* UI-471 */;
			targetProxy = 47216F3F27C129AC00844FF7 /* PBXContainerItemProxy */;
		};
		47216F4A27C129AC00844FF7 /* PBXTargetDependency */ = {
			isa = PBXTargetDependency;
			target = 47216F2D27C129AB00844FF7 /* UI-471 */;
			targetProxy = 47216F4927C129AC00844FF7 /* PBXContainerItemProxy */;
		};
/* End PBXTargetDependency section */

/* Begin XCBuildConfiguration section */
		47216F5027C129AC00844FF7 /* Debug */ = {
			isa = XCBuildConfiguration;
			buildSettings = {
				ALWAYS_SEARCH_USER_PATHS = NO;
				CLANG_ANALYZER_NONNULL = YES;
				CLANG_ANALYZER_NUMBER_OBJECT_CONVERSION = YES_AGGRESSIVE;
				CLANG_CXX_LANGUAGE_STANDARD = "gnu++17";
				CLANG_ENABLE_MODULES = YES;
				CLANG_ENABLE_OBJC_ARC = YES;
				CLANG_ENABLE_OBJC_WEAK = YES;
				CLANG_WARN_BLOCK_CAPTURE_AUTORELEASING = YES;
				CLANG_WARN_BOOL_CONVERSION = YES;
				CLANG_WARN_COMMA = YES;
				CLANG_WARN_CONSTANT_CONVERSION = YES;
				CLANG_WARN_DEPRECATED_OBJC_IMPLEMENTATIONS = YES;
				CLANG_WARN_DIRECT_OBJC_ISA_USAGE = YES_ERROR;
				CLANG_WARN_DOCUMENTATION_COMMENTS = YES;
				CLANG_WARN_EMPTY_BODY = YES;
				CLANG_WARN_ENUM_CONVERSION = YES;
				CLANG_WARN_INFINITE_RECURSION = YES;
				CLANG_WARN_INT_CONVERSION = YES;
				CLANG_WARN_NON_LITERAL_NULL_CONVERSION = YES;
				CLANG_WARN_OBJC_IMPLICIT_RETAIN_SELF = YES;
				CLANG_WARN_OBJC_LITERAL_CONVERSION = YES;
				CLANG_WARN_OBJC_ROOT_CLASS = YES_ERROR;
				CLANG_WARN_QUOTED_INCLUDE_IN_FRAMEWORK_HEADER = YES;
				CLANG_WARN_RANGE_LOOP_ANALYSIS = YES;
				CLANG_WARN_STRICT_PROTOTYPES = YES;
				CLANG_WARN_SUSPICIOUS_MOVE = YES;
				CLANG_WARN_UNGUARDED_AVAILABILITY = YES_AGGRESSIVE;
				CLANG_WARN_UNREACHABLE_CODE = YES;
				CLANG_WARN__DUPLICATE_METHOD_MATCH = YES;
				COPY_PHASE_STRIP = NO;
				DEBUG_INFORMATION_FORMAT = dwarf;
				ENABLE_STRICT_OBJC_MSGSEND = YES;
				ENABLE_TESTABILITY = YES;
				GCC_C_LANGUAGE_STANDARD = gnu11;
				GCC_DYNAMIC_NO_PIC = NO;
				GCC_NO_COMMON_BLOCKS = YES;
				GCC_OPTIMIZATION_LEVEL = 0;
				GCC_PREPROCESSOR_DEFINITIONS = (
					"DEBUG=1",
					"$(inherited)",
				);
				GCC_WARN_64_TO_32_BIT_CONVERSION = YES;
				GCC_WARN_ABOUT_RETURN_TYPE = YES_ERROR;
				GCC_WARN_UNDECLARED_SELECTOR = YES;
				GCC_WARN_UNINITIALIZED_AUTOS = YES_AGGRESSIVE;
				GCC_WARN_UNUSED_FUNCTION = YES;
				GCC_WARN_UNUSED_VARIABLE = YES;
				IPHONEOS_DEPLOYMENT_TARGET = 15.4;
				MTL_ENABLE_DEBUG_INFO = INCLUDE_SOURCE;
				MTL_FAST_MATH = YES;
				ONLY_ACTIVE_ARCH = YES;
				SDKROOT = iphoneos;
				SWIFT_ACTIVE_COMPILATION_CONDITIONS = DEBUG;
				SWIFT_OPTIMIZATION_LEVEL = "-Onone";
			};
			name = Debug;
		};
		47216F5127C129AC00844FF7 /* Release */ = {
			isa = XCBuildConfiguration;
			buildSettings = {
				ALWAYS_SEARCH_USER_PATHS = NO;
				CLANG_ANALYZER_NONNULL = YES;
				CLANG_ANALYZER_NUMBER_OBJECT_CONVERSION = YES_AGGRESSIVE;
				CLANG_CXX_LANGUAGE_STANDARD = "gnu++17";
				CLANG_ENABLE_MODULES = YES;
				CLANG_ENABLE_OBJC_ARC = YES;
				CLANG_ENABLE_OBJC_WEAK = YES;
				CLANG_WARN_BLOCK_CAPTURE_AUTORELEASING = YES;
				CLANG_WARN_BOOL_CONVERSION = YES;
				CLANG_WARN_COMMA = YES;
				CLANG_WARN_CONSTANT_CONVERSION = YES;
				CLANG_WARN_DEPRECATED_OBJC_IMPLEMENTATIONS = YES;
				CLANG_WARN_DIRECT_OBJC_ISA_USAGE = YES_ERROR;
				CLANG_WARN_DOCUMENTATION_COMMENTS = YES;
				CLANG_WARN_EMPTY_BODY = YES;
				CLANG_WARN_ENUM_CONVERSION = YES;
				CLANG_WARN_INFINITE_RECURSION = YES;
				CLANG_WARN_INT_CONVERSION = YES;
				CLANG_WARN_NON_LITERAL_NULL_CONVERSION = YES;
				CLANG_WARN_OBJC_IMPLICIT_RETAIN_SELF = YES;
				CLANG_WARN_OBJC_LITERAL_CONVERSION = YES;
				CLANG_WARN_OBJC_ROOT_CLASS = YES_ERROR;
				CLANG_WARN_QUOTED_INCLUDE_IN_FRAMEWORK_HEADER = YES;
				CLANG_WARN_RANGE_LOOP_ANALYSIS = YES;
				CLANG_WARN_STRICT_PROTOTYPES = YES;
				CLANG_WARN_SUSPICIOUS_MOVE = YES;
				CLANG_WARN_UNGUARDED_AVAILABILITY = YES_AGGRESSIVE;
				CLANG_WARN_UNREACHABLE_CODE = YES;
				CLANG_WARN__DUPLICATE_METHOD_MATCH = YES;
				COPY_PHASE_STRIP = NO;
				DEBUG_INFORMATION_FORMAT = "dwarf-with-dsym";
				ENABLE_NS_ASSERTIONS = NO;
				ENABLE_STRICT_OBJC_MSGSEND = YES;
				GCC_C_LANGUAGE_STANDARD = gnu11;
				GCC_NO_COMMON_BLOCKS = YES;
				GCC_WARN_64_TO_32_BIT_CONVERSION = YES;
				GCC_WARN_ABOUT_RETURN_TYPE = YES_ERROR;
				GCC_WARN_UNDECLARED_SELECTOR = YES;
				GCC_WARN_UNINITIALIZED_AUTOS = YES_AGGRESSIVE;
				GCC_WARN_UNUSED_FUNCTION = YES;
				GCC_WARN_UNUSED_VARIABLE = YES;
				IPHONEOS_DEPLOYMENT_TARGET = 15.4;
				MTL_ENABLE_DEBUG_INFO = NO;
				MTL_FAST_MATH = YES;
				SDKROOT = iphoneos;
				SWIFT_COMPILATION_MODE = wholemodule;
				SWIFT_OPTIMIZATION_LEVEL = "-O";
				VALIDATE_PRODUCT = YES;
			};
			name = Release;
		};
		47216F5327C129AC00844FF7 /* Debug */ = {
			isa = XCBuildConfiguration;
			buildSettings = {
				ASSETCATALOG_COMPILER_APPICON_NAME = AppIcon;
				ASSETCATALOG_COMPILER_GLOBAL_ACCENT_COLOR_NAME = AccentColor;
				CODE_SIGN_STYLE = Automatic;
				CURRENT_PROJECT_VERSION = 1;
				DEVELOPMENT_ASSET_PATHS = "\"UI-471/Preview Content\"";
				DEVELOPMENT_TEAM = 8CL4U468K5;
				ENABLE_PREVIEWS = YES;
				GENERATE_INFOPLIST_FILE = YES;
				INFOPLIST_KEY_UIApplicationSceneManifest_Generation = YES;
				INFOPLIST_KEY_UIApplicationSupportsIndirectInputEvents = YES;
				INFOPLIST_KEY_UILaunchScreen_Generation = YES;
				INFOPLIST_KEY_UISupportedInterfaceOrientations_iPad = "UIInterfaceOrientationPortrait UIInterfaceOrientationPortraitUpsideDown UIInterfaceOrientationLandscapeLeft UIInterfaceOrientationLandscapeRight";
				INFOPLIST_KEY_UISupportedInterfaceOrientations_iPhone = "UIInterfaceOrientationPortrait UIInterfaceOrientationLandscapeLeft UIInterfaceOrientationLandscapeRight";
				LD_RUNPATH_SEARCH_PATHS = (
					"$(inherited)",
					"@executable_path/Frameworks",
				);
				MARKETING_VERSION = 1.0;
				PRODUCT_BUNDLE_IDENTIFIER = "com.585.UI-471";
				PRODUCT_NAME = "$(TARGET_NAME)";
				SWIFT_EMIT_LOC_STRINGS = YES;
				SWIFT_VERSION = 5.0;
				TARGETED_DEVICE_FAMILY = "1,2";
			};
			name = Debug;
		};
		47216F5427C129AC00844FF7 /* Release */ = {
			isa = XCBuildConfiguration;
			buildSettings = {
				ASSETCATALOG_COMPILER_APPICON_NAME = AppIcon;
				ASSETCATALOG_COMPILER_GLOBAL_ACCENT_COLOR_NAME = AccentColor;
				CODE_SIGN_STYLE = Automatic;
				CURRENT_PROJECT_VERSION = 1;
				DEVELOPMENT_ASSET_PATHS = "\"UI-471/Preview Content\"";
				DEVELOPMENT_TEAM = 8CL4U468K5;
				ENABLE_PREVIEWS = YES;
				GENERATE_INFOPLIST_FILE = YES;
				INFOPLIST_KEY_UIApplicationSceneManifest_Generation = YES;
				INFOPLIST_KEY_UIApplicationSupportsIndirectInputEvents = YES;
				INFOPLIST_KEY_UILaunchScreen_Generation = YES;
				INFOPLIST_KEY_UISupportedInterfaceOrientations_iPad = "UIInterfaceOrientationPortrait UIInterfaceOrientationPortraitUpsideDown UIInterfaceOrientationLandscapeLeft UIInterfaceOrientationLandscapeRight";
				INFOPLIST_KEY_UISupportedInterfaceOrientations_iPhone = "UIInterfaceOrientationPortrait UIInterfaceOrientationLandscapeLeft UIInterfaceOrientationLandscapeRight";
				LD_RUNPATH_SEARCH_PATHS = (
					"$(inherited)",
					"@executable_path/Frameworks",
				);
				MARKETING_VERSION = 1.0;
				PRODUCT_BUNDLE_IDENTIFIER = "com.585.UI-471";
				PRODUCT_NAME = "$(TARGET_NAME)";
				SWIFT_EMIT_LOC_STRINGS = YES;
				SWIFT_VERSION = 5.0;
				TARGETED_DEVICE_FAMILY = "1,2";
			};
			name = Release;
		};
		47216F5627C129AC00844FF7 /* Debug */ = {
			isa = XCBuildConfiguration;
			buildSettings = {
				ALWAYS_EMBED_SWIFT_STANDARD_LIBRARIES = YES;
				BUNDLE_LOADER = "$(TEST_HOST)";
				CODE_SIGN_STYLE = Automatic;
				CURRENT_PROJECT_VERSION = 1;
				DEVELOPMENT_TEAM = 8CL4U468K5;
				GENERATE_INFOPLIST_FILE = YES;
				IPHONEOS_DEPLOYMENT_TARGET = 15.4;
				MARKETING_VERSION = 1.0;
				PRODUCT_BUNDLE_IDENTIFIER = "com.585.UI-471Tests";
				PRODUCT_NAME = "$(TARGET_NAME)";
				SWIFT_EMIT_LOC_STRINGS = NO;
				SWIFT_VERSION = 5.0;
				TARGETED_DEVICE_FAMILY = "1,2";
				TEST_HOST = "$(BUILT_PRODUCTS_DIR)/UI-471.app/UI-471";
			};
			name = Debug;
		};
		47216F5727C129AC00844FF7 /* Release */ = {
			isa = XCBuildConfiguration;
			buildSettings = {
				ALWAYS_EMBED_SWIFT_STANDARD_LIBRARIES = YES;
				BUNDLE_LOADER = "$(TEST_HOST)";
				CODE_SIGN_STYLE = Automatic;
				CURRENT_PROJECT_VERSION = 1;
				DEVELOPMENT_TEAM = 8CL4U468K5;
				GENERATE_INFOPLIST_FILE = YES;
				IPHONEOS_DEPLOYMENT_TARGET = 15.4;
				MARKETING_VERSION = 1.0;
				PRODUCT_BUNDLE_IDENTIFIER = "com.585.UI-471Tests";
				PRODUCT_NAME = "$(TARGET_NAME)";
				SWIFT_EMIT_LOC_STRINGS = NO;
				SWIFT_VERSION = 5.0;
				TARGETED_DEVICE_FAMILY = "1,2";
				TEST_HOST = "$(BUILT_PRODUCTS_DIR)/UI-471.app/UI-471";
			};
			name = Release;
		};
		47216F5927C129AC00844FF7 /* Debug */ = {
			isa = XCBuildConfiguration;
			buildSettings = {
				ALWAYS_EMBED_SWIFT_STANDARD_LIBRARIES = YES;
				CODE_SIGN_STYLE = Automatic;
				CURRENT_PROJECT_VERSION = 1;
				DEVELOPMENT_TEAM = 8CL4U468K5;
				GENERATE_INFOPLIST_FILE = YES;
				MARKETING_VERSION = 1.0;
				PRODUCT_BUNDLE_IDENTIFIER = "com.585.UI-471UITests";
				PRODUCT_NAME = "$(TARGET_NAME)";
				SWIFT_EMIT_LOC_STRINGS = NO;
				SWIFT_VERSION = 5.0;
				TARGETED_DEVICE_FAMILY = "1,2";
				TEST_TARGET_NAME = "UI-471";
			};
			name = Debug;
		};
		47216F5A27C129AC00844FF7 /* Release */ = {
			isa = XCBuildConfiguration;
			buildSettings = {
				ALWAYS_EMBED_SWIFT_STANDARD_LIBRARIES = YES;
				CODE_SIGN_STYLE = Automatic;
				CURRENT_PROJECT_VERSION = 1;
				DEVELOPMENT_TEAM = 8CL4U468K5;
				GENERATE_INFOPLIST_FILE = YES;
				MARKETING_VERSION = 1.0;
				PRODUCT_BUNDLE_IDENTIFIER = "com.585.UI-471UITests";
				PRODUCT_NAME = "$(TARGET_NAME)";
				SWIFT_EMIT_LOC_STRINGS = NO;
				SWIFT_VERSION = 5.0;
				TARGETED_DEVICE_FAMILY = "1,2";
				TEST_TARGET_NAME = "UI-471";
			};
			name = Release;
		};
/* End XCBuildConfiguration section */

/* Begin XCConfigurationList section */
		47216F2927C129AB00844FF7 /* Build configuration list for PBXProject "UI-471" */ = {
			isa = XCConfigurationList;
			buildConfigurations = (
				47216F5027C129AC00844FF7 /* Debug */,
				47216F5127C129AC00844FF7 /* Release */,
			);
			defaultConfigurationIsVisible = 0;
			defaultConfigurationName = Release;
		};
		47216F5227C129AC00844FF7 /* Build configuration list for PBXNativeTarget "UI-471" */ = {
			isa = XCConfigurationList;
			buildConfigurations = (
				47216F5327C129AC00844FF7 /* Debug */,
				47216F5427C129AC00844FF7 /* Release */,
			);
			defaultConfigurationIsVisible = 0;
			defaultConfigurationName = Release;
		};
		47216F5527C129AC00844FF7 /* Build configuration list for PBXNativeTarget "UI-471Tests" */ = {
			isa = XCConfigurationList;
			buildConfigurations = (
				47216F5627C129AC00844FF7 /* Debug */,
				47216F5727C129AC00844FF7 /* Release */,
			);
			defaultConfigurationIsVisible = 0;
			defaultConfigurationName = Release;
		};
		47216F5827C129AC00844FF7 /* Build configuration list for PBXNativeTarget "UI-471UITests" */ = {
			isa = XCConfigurationList;
			buildConfigurations = (
				47216F5927C129AC00844FF7 /* Debug */,
				47216F5A27C129AC00844FF7 /* Release */,
			);
			defaultConfigurationIsVisible = 0;
			defaultConfigurationName = Release;
		};
/* End XCConfigurationList section */
	};
	rootObject = 47216F2627C129AB00844FF7 /* Project object */;
}
